{
  "requires": true,
  "lockfileVersion": 1,
  "dependencies": {
    "weaveapi": {
      "version": "1.0.1",
      "resolved": "https://registry.npmjs.org/weaveapi/-/weaveapi-1.0.1.tgz",
      "integrity": "sha512-ZiQ5lbYzFWBnUSRUq0aOg73Sd2RRyF8wbUHJnOgmnizliTtIVczuooZeVmTpyd0QVtS9Z/4b9TE1wD/Wrx133w=="
    }
  }
}
